// !$*UTF8*$!
{
	archiveVersion = 1;
	classes = {
	};
	objectVersion = 48;
	objects = {

/* Begin PBXBuildFile section */
		30488A8620879F4D00B1F8E6 /* DBObjects.swift in Sources */ = {isa = PBXBuildFile; fileRef = 30488A8520879F4D00B1F8E6 /* DBObjects.swift */; };
		3F13CA73204B585300A70DE8 /* Model.swift in Sources */ = {isa = PBXBuildFile; fileRef = 3F13CA72204B585300A70DE8 /* Model.swift */; };
		6C8086BB206C4998002E0125 /* AppDelegate.swift in Sources */ = {isa = PBXBuildFile; fileRef = 6C8086B7206C4997002E0125 /* AppDelegate.swift */; };
		6C8086BC206C4998002E0125 /* Main.storyboard in Resources */ = {isa = PBXBuildFile; fileRef = 6C8086B8206C4998002E0125 /* Main.storyboard */; };
		6C8086BD206C4998002E0125 /* SecondViewController.swift in Sources */ = {isa = PBXBuildFile; fileRef = 6C8086B9206C4998002E0125 /* SecondViewController.swift */; };
		6C8086BE206C4998002E0125 /* FirstViewController.swift in Sources */ = {isa = PBXBuildFile; fileRef = 6C8086BA206C4998002E0125 /* FirstViewController.swift */; };
		6C8086C1206C4A57002E0125 /* Bolts.framework in Frameworks */ = {isa = PBXBuildFile; fileRef = 6C8086BF206C4A57002E0125 /* Bolts.framework */; };
		6C8086C2206C4A57002E0125 /* Parse.framework in Frameworks */ = {isa = PBXBuildFile; fileRef = 6C8086C0206C4A57002E0125 /* Parse.framework */; };
		6C8086C5206C4A86002E0125 /* libstdc++.6.tbd in Frameworks */ = {isa = PBXBuildFile; fileRef = 6C8086C4206C4A86002E0125 /* libstdc++.6.tbd */; };
		6C8086C7206C4A8F002E0125 /* libsqlite3.tbd in Frameworks */ = {isa = PBXBuildFile; fileRef = 6C8086C6206C4A8F002E0125 /* libsqlite3.tbd */; };
		6C8086C9206C4A98002E0125 /* SystemConfiguration.framework in Frameworks */ = {isa = PBXBuildFile; fileRef = 6C8086C8206C4A98002E0125 /* SystemConfiguration.framework */; };
		6C8086CB206C4A9E002E0125 /* AudioToolbox.framework in Frameworks */ = {isa = PBXBuildFile; fileRef = 6C8086CA206C4A9E002E0125 /* AudioToolbox.framework */; };
		C47EF3262034E19C00B17B34 /* Assets.xcassets in Resources */ = {isa = PBXBuildFile; fileRef = C47EF3252034E19C00B17B34 /* Assets.xcassets */; };
		C47EF3292034E19C00B17B34 /* LaunchScreen.storyboard in Resources */ = {isa = PBXBuildFile; fileRef = C47EF3272034E19C00B17B34 /* LaunchScreen.storyboard */; };
		C47EF3342034E19D00B17B34 /* SpecsTests.swift in Sources */ = {isa = PBXBuildFile; fileRef = C47EF3332034E19D00B17B34 /* SpecsTests.swift */; };
		C47EF33F2034E19D00B17B34 /* SpecsUITests.swift in Sources */ = {isa = PBXBuildFile; fileRef = C47EF33E2034E19D00B17B34 /* SpecsUITests.swift */; };
		C4A1618E2087DE9800DB0615 /* sitesTableViewController.swift in Sources */ = {isa = PBXBuildFile; fileRef = C4A1618D2087DE9800DB0615 /* sitesTableViewController.swift */; };
		C4A161902087EB5100DB0615 /* MoodTableViewController.swift in Sources */ = {isa = PBXBuildFile; fileRef = C4A1618F2087EB5100DB0615 /* MoodTableViewController.swift */; };
		C4A16192208802A900DB0615 /* TVShowTableViewController.swift in Sources */ = {isa = PBXBuildFile; fileRef = C4A16191208802A900DB0615 /* TVShowTableViewController.swift */; };
		C4A16194208813ED00DB0615 /* moviesTableViewController.swift in Sources */ = {isa = PBXBuildFile; fileRef = C4A16193208813ED00DB0615 /* moviesTableViewController.swift */; };
		C4F70A342072EEFE00235262 /* ThirdViewController.swift in Sources */ = {isa = PBXBuildFile; fileRef = C4F70A332072EEFE00235262 /* ThirdViewController.swift */; };
/* End PBXBuildFile section */

/* Begin PBXContainerItemProxy section */
		C47EF3302034E19D00B17B34 /* PBXContainerItemProxy */ = {
			isa = PBXContainerItemProxy;
			containerPortal = C47EF3132034E19C00B17B34 /* Project object */;
			proxyType = 1;
			remoteGlobalIDString = C47EF31A2034E19C00B17B34;
			remoteInfo = Specs;
		};
		C47EF33B2034E19D00B17B34 /* PBXContainerItemProxy */ = {
			isa = PBXContainerItemProxy;
			containerPortal = C47EF3132034E19C00B17B34 /* Project object */;
			proxyType = 1;
			remoteGlobalIDString = C47EF31A2034E19C00B17B34;
			remoteInfo = Specs;
		};
/* End PBXContainerItemProxy section */

/* Begin PBXFileReference section */
		30488A8520879F4D00B1F8E6 /* DBObjects.swift */ = {isa = PBXFileReference; lastKnownFileType = sourcecode.swift; path = DBObjects.swift; sourceTree = "<group>"; };
		3F13CA72204B585300A70DE8 /* Model.swift */ = {isa = PBXFileReference; lastKnownFileType = sourcecode.swift; path = Model.swift; sourceTree = "<group>"; };
		6C8086B7206C4997002E0125 /* AppDelegate.swift */ = {isa = PBXFileReference; fileEncoding = 4; lastKnownFileType = sourcecode.swift; path = AppDelegate.swift; sourceTree = "<group>"; };
		6C8086B8206C4998002E0125 /* Main.storyboard */ = {isa = PBXFileReference; fileEncoding = 4; lastKnownFileType = file.storyboard; path = Main.storyboard; sourceTree = "<group>"; };
		6C8086B9206C4998002E0125 /* SecondViewController.swift */ = {isa = PBXFileReference; fileEncoding = 4; lastKnownFileType = sourcecode.swift; path = SecondViewController.swift; sourceTree = "<group>"; };
		6C8086BA206C4998002E0125 /* FirstViewController.swift */ = {isa = PBXFileReference; fileEncoding = 4; lastKnownFileType = sourcecode.swift; path = FirstViewController.swift; sourceTree = "<group>"; };
		6C8086BF206C4A57002E0125 /* Bolts.framework */ = {isa = PBXFileReference; lastKnownFileType = wrapper.framework; path = Bolts.framework; sourceTree = "<group>"; };
		6C8086C0206C4A57002E0125 /* Parse.framework */ = {isa = PBXFileReference; lastKnownFileType = wrapper.framework; path = Parse.framework; sourceTree = "<group>"; };
		6C8086C4206C4A86002E0125 /* libstdc++.6.tbd */ = {isa = PBXFileReference; lastKnownFileType = "sourcecode.text-based-dylib-definition"; name = "libstdc++.6.tbd"; path = "usr/lib/libstdc++.6.tbd"; sourceTree = SDKROOT; };
		6C8086C6206C4A8F002E0125 /* libsqlite3.tbd */ = {isa = PBXFileReference; lastKnownFileType = "sourcecode.text-based-dylib-definition"; name = libsqlite3.tbd; path = usr/lib/libsqlite3.tbd; sourceTree = SDKROOT; };
		6C8086C8206C4A98002E0125 /* SystemConfiguration.framework */ = {isa = PBXFileReference; lastKnownFileType = wrapper.framework; name = SystemConfiguration.framework; path = System/Library/Frameworks/SystemConfiguration.framework; sourceTree = SDKROOT; };
		6C8086CA206C4A9E002E0125 /* AudioToolbox.framework */ = {isa = PBXFileReference; lastKnownFileType = wrapper.framework; name = AudioToolbox.framework; path = System/Library/Frameworks/AudioToolbox.framework; sourceTree = SDKROOT; };
		C47EF31B2034E19C00B17B34 /* Specs.app */ = {isa = PBXFileReference; explicitFileType = wrapper.application; includeInIndex = 0; path = Specs.app; sourceTree = BUILT_PRODUCTS_DIR; };
		C47EF3252034E19C00B17B34 /* Assets.xcassets */ = {isa = PBXFileReference; lastKnownFileType = folder.assetcatalog; path = Assets.xcassets; sourceTree = "<group>"; };
		C47EF3282034E19C00B17B34 /* Base */ = {isa = PBXFileReference; lastKnownFileType = file.storyboard; name = Base; path = Base.lproj/LaunchScreen.storyboard; sourceTree = "<group>"; };
		C47EF32A2034E19C00B17B34 /* Info.plist */ = {isa = PBXFileReference; lastKnownFileType = text.plist.xml; path = Info.plist; sourceTree = "<group>"; };
		C47EF32F2034E19D00B17B34 /* SpecsTests.xctest */ = {isa = PBXFileReference; explicitFileType = wrapper.cfbundle; includeInIndex = 0; path = SpecsTests.xctest; sourceTree = BUILT_PRODUCTS_DIR; };
		C47EF3332034E19D00B17B34 /* SpecsTests.swift */ = {isa = PBXFileReference; lastKnownFileType = sourcecode.swift; path = SpecsTests.swift; sourceTree = "<group>"; };
		C47EF3352034E19D00B17B34 /* Info.plist */ = {isa = PBXFileReference; lastKnownFileType = text.plist.xml; path = Info.plist; sourceTree = "<group>"; };
		C47EF33A2034E19D00B17B34 /* SpecsUITests.xctest */ = {isa = PBXFileReference; explicitFileType = wrapper.cfbundle; includeInIndex = 0; path = SpecsUITests.xctest; sourceTree = BUILT_PRODUCTS_DIR; };
		C47EF33E2034E19D00B17B34 /* SpecsUITests.swift */ = {isa = PBXFileReference; lastKnownFileType = sourcecode.swift; path = SpecsUITests.swift; sourceTree = "<group>"; };
		C47EF3402034E19D00B17B34 /* Info.plist */ = {isa = PBXFileReference; lastKnownFileType = text.plist.xml; path = Info.plist; sourceTree = "<group>"; };
		C4A161892087DE4A00DB0615 /* Specs-Bridging-Header.h */ = {isa = PBXFileReference; lastKnownFileType = sourcecode.c.h; path = "Specs-Bridging-Header.h"; sourceTree = "<group>"; };
		C4A1618D2087DE9800DB0615 /* sitesTableViewController.swift */ = {isa = PBXFileReference; lastKnownFileType = sourcecode.swift; path = sitesTableViewController.swift; sourceTree = "<group>"; };
		C4A1618F2087EB5100DB0615 /* MoodTableViewController.swift */ = {isa = PBXFileReference; lastKnownFileType = sourcecode.swift; path = MoodTableViewController.swift; sourceTree = "<group>"; };
		C4A16191208802A900DB0615 /* TVShowTableViewController.swift */ = {isa = PBXFileReference; lastKnownFileType = sourcecode.swift; path = TVShowTableViewController.swift; sourceTree = "<group>"; };
		C4A16193208813ED00DB0615 /* moviesTableViewController.swift */ = {isa = PBXFileReference; lastKnownFileType = sourcecode.swift; path = moviesTableViewController.swift; sourceTree = "<group>"; };
		C4F70A332072EEFE00235262 /* ThirdViewController.swift */ = {isa = PBXFileReference; lastKnownFileType = sourcecode.swift; path = ThirdViewController.swift; sourceTree = "<group>"; };
/* End PBXFileReference section */

/* Begin PBXFrameworksBuildPhase section */
		C47EF3182034E19C00B17B34 /* Frameworks */ = {
			isa = PBXFrameworksBuildPhase;
			buildActionMask = 2147483647;
			files = (
				6C8086CB206C4A9E002E0125 /* AudioToolbox.framework in Frameworks */,
				6C8086C9206C4A98002E0125 /* SystemConfiguration.framework in Frameworks */,
				6C8086C7206C4A8F002E0125 /* libsqlite3.tbd in Frameworks */,
				6C8086C5206C4A86002E0125 /* libstdc++.6.tbd in Frameworks */,
				6C8086C2206C4A57002E0125 /* Parse.framework in Frameworks */,
				6C8086C1206C4A57002E0125 /* Bolts.framework in Frameworks */,
			);
			runOnlyForDeploymentPostprocessing = 0;
		};
		C47EF32C2034E19D00B17B34 /* Frameworks */ = {
			isa = PBXFrameworksBuildPhase;
			buildActionMask = 2147483647;
			files = (
			);
			runOnlyForDeploymentPostprocessing = 0;
		};
		C47EF3372034E19D00B17B34 /* Frameworks */ = {
			isa = PBXFrameworksBuildPhase;
			buildActionMask = 2147483647;
			files = (
			);
			runOnlyForDeploymentPostprocessing = 0;
		};
/* End PBXFrameworksBuildPhase section */

/* Begin PBXGroup section */
		6C8086C3206C4A85002E0125 /* Frameworks */ = {
			isa = PBXGroup;
			children = (
				6C8086CA206C4A9E002E0125 /* AudioToolbox.framework */,
				6C8086C8206C4A98002E0125 /* SystemConfiguration.framework */,
				6C8086C6206C4A8F002E0125 /* libsqlite3.tbd */,
				6C8086C4206C4A86002E0125 /* libstdc++.6.tbd */,
			);
			name = Frameworks;
			sourceTree = "<group>";
		};
		C47EF3122034E19C00B17B34 = {
			isa = PBXGroup;
			children = (
				C47EF31D2034E19C00B17B34 /* Specs */,
				C47EF3322034E19D00B17B34 /* SpecsTests */,
				C47EF33D2034E19D00B17B34 /* SpecsUITests */,
				C47EF31C2034E19C00B17B34 /* Products */,
				6C8086C3206C4A85002E0125 /* Frameworks */,
				C4A161892087DE4A00DB0615 /* Specs-Bridging-Header.h */,
			);
			sourceTree = "<group>";
		};
		C47EF31C2034E19C00B17B34 /* Products */ = {
			isa = PBXGroup;
			children = (
				C47EF31B2034E19C00B17B34 /* Specs.app */,
				C47EF32F2034E19D00B17B34 /* SpecsTests.xctest */,
				C47EF33A2034E19D00B17B34 /* SpecsUITests.xctest */,
			);
			name = Products;
			sourceTree = "<group>";
		};
		C47EF31D2034E19C00B17B34 /* Specs */ = {
			isa = PBXGroup;
			children = (
				30488A8520879F4D00B1F8E6 /* DBObjects.swift */,
				6C8086B8206C4998002E0125 /* Main.storyboard */,
				C47EF3272034E19C00B17B34 /* LaunchScreen.storyboard */,
				C47EF3252034E19C00B17B34 /* Assets.xcassets */,
				C47EF32A2034E19C00B17B34 /* Info.plist */,
				6C8086B7206C4997002E0125 /* AppDelegate.swift */,
				C4A16193208813ED00DB0615 /* moviesTableViewController.swift */,
				C4A1618F2087EB5100DB0615 /* MoodTableViewController.swift */,
				C4A1618D2087DE9800DB0615 /* sitesTableViewController.swift */,
				C4A16191208802A900DB0615 /* TVShowTableViewController.swift */,
				6C8086BA206C4998002E0125 /* FirstViewController.swift */,
				6C8086B9206C4998002E0125 /* SecondViewController.swift */,
				C4F70A332072EEFE00235262 /* ThirdViewController.swift */,
				3F13CA72204B585300A70DE8 /* Model.swift */,
				6C8086BF206C4A57002E0125 /* Bolts.framework */,
				6C8086C0206C4A57002E0125 /* Parse.framework */,
			);
			path = Specs;
			sourceTree = "<group>";
		};
		C47EF3322034E19D00B17B34 /* SpecsTests */ = {
			isa = PBXGroup;
			children = (
				C47EF3332034E19D00B17B34 /* SpecsTests.swift */,
				C47EF3352034E19D00B17B34 /* Info.plist */,
			);
			path = SpecsTests;
			sourceTree = "<group>";
		};
		C47EF33D2034E19D00B17B34 /* SpecsUITests */ = {
			isa = PBXGroup;
			children = (
				C47EF33E2034E19D00B17B34 /* SpecsUITests.swift */,
				C47EF3402034E19D00B17B34 /* Info.plist */,
			);
			path = SpecsUITests;
			sourceTree = "<group>";
		};
/* End PBXGroup section */

/* Begin PBXNativeTarget section */
		C47EF31A2034E19C00B17B34 /* Specs */ = {
			isa = PBXNativeTarget;
			buildConfigurationList = C47EF3432034E19D00B17B34 /* Build configuration list for PBXNativeTarget "Specs" */;
			buildPhases = (
				C47EF3172034E19C00B17B34 /* Sources */,
				C47EF3182034E19C00B17B34 /* Frameworks */,
				C47EF3192034E19C00B17B34 /* Resources */,
			);
			buildRules = (
			);
			dependencies = (
			);
			name = Specs;
			productName = Specs;
			productReference = C47EF31B2034E19C00B17B34 /* Specs.app */;
			productType = "com.apple.product-type.application";
		};
		C47EF32E2034E19D00B17B34 /* SpecsTests */ = {
			isa = PBXNativeTarget;
			buildConfigurationList = C47EF3462034E19D00B17B34 /* Build configuration list for PBXNativeTarget "SpecsTests" */;
			buildPhases = (
				C47EF32B2034E19D00B17B34 /* Sources */,
				C47EF32C2034E19D00B17B34 /* Frameworks */,
				C47EF32D2034E19D00B17B34 /* Resources */,
			);
			buildRules = (
			);
			dependencies = (
				C47EF3312034E19D00B17B34 /* PBXTargetDependency */,
			);
			name = SpecsTests;
			productName = SpecsTests;
			productReference = C47EF32F2034E19D00B17B34 /* SpecsTests.xctest */;
			productType = "com.apple.product-type.bundle.unit-test";
		};
		C47EF3392034E19D00B17B34 /* SpecsUITests */ = {
			isa = PBXNativeTarget;
			buildConfigurationList = C47EF3492034E19D00B17B34 /* Build configuration list for PBXNativeTarget "SpecsUITests" */;
			buildPhases = (
				C47EF3362034E19D00B17B34 /* Sources */,
				C47EF3372034E19D00B17B34 /* Frameworks */,
				C47EF3382034E19D00B17B34 /* Resources */,
			);
			buildRules = (
			);
			dependencies = (
				C47EF33C2034E19D00B17B34 /* PBXTargetDependency */,
			);
			name = SpecsUITests;
			productName = SpecsUITests;
			productReference = C47EF33A2034E19D00B17B34 /* SpecsUITests.xctest */;
			productType = "com.apple.product-type.bundle.ui-testing";
		};
/* End PBXNativeTarget section */

/* Begin PBXProject section */
		C47EF3132034E19C00B17B34 /* Project object */ = {
			isa = PBXProject;
			attributes = {
				LastSwiftUpdateCheck = 0920;
				LastUpgradeCheck = 0920;
				ORGANIZATIONNAME = "Reuscher,Elicia R";
				TargetAttributes = {
					C47EF31A2034E19C00B17B34 = {
						CreatedOnToolsVersion = 9.2;
						LastSwiftMigration = 0920;
						ProvisioningStyle = Automatic;
					};
					C47EF32E2034E19D00B17B34 = {
						CreatedOnToolsVersion = 9.2;
						ProvisioningStyle = Automatic;
						TestTargetID = C47EF31A2034E19C00B17B34;
					};
					C47EF3392034E19D00B17B34 = {
						CreatedOnToolsVersion = 9.2;
						ProvisioningStyle = Automatic;
						TestTargetID = C47EF31A2034E19C00B17B34;
					};
				};
			};
			buildConfigurationList = C47EF3162034E19C00B17B34 /* Build configuration list for PBXProject "Specs" */;
			compatibilityVersion = "Xcode 8.0";
			developmentRegion = en;
			hasScannedForEncodings = 0;
			knownRegions = (
				en,
				Base,
			);
			mainGroup = C47EF3122034E19C00B17B34;
			productRefGroup = C47EF31C2034E19C00B17B34 /* Products */;
			projectDirPath = "";
			projectRoot = "";
			targets = (
				C47EF31A2034E19C00B17B34 /* Specs */,
				C47EF32E2034E19D00B17B34 /* SpecsTests */,
				C47EF3392034E19D00B17B34 /* SpecsUITests */,
			);
		};
/* End PBXProject section */

/* Begin PBXResourcesBuildPhase section */
		C47EF3192034E19C00B17B34 /* Resources */ = {
			isa = PBXResourcesBuildPhase;
			buildActionMask = 2147483647;
			files = (
				6C8086BC206C4998002E0125 /* Main.storyboard in Resources */,
				C47EF3292034E19C00B17B34 /* LaunchScreen.storyboard in Resources */,
				C47EF3262034E19C00B17B34 /* Assets.xcassets in Resources */,
			);
			runOnlyForDeploymentPostprocessing = 0;
		};
		C47EF32D2034E19D00B17B34 /* Resources */ = {
			isa = PBXResourcesBuildPhase;
			buildActionMask = 2147483647;
			files = (
			);
			runOnlyForDeploymentPostprocessing = 0;
		};
		C47EF3382034E19D00B17B34 /* Resources */ = {
			isa = PBXResourcesBuildPhase;
			buildActionMask = 2147483647;
			files = (
			);
			runOnlyForDeploymentPostprocessing = 0;
		};
/* End PBXResourcesBuildPhase section */

/* Begin PBXSourcesBuildPhase section */
		C47EF3172034E19C00B17B34 /* Sources */ = {
			isa = PBXSourcesBuildPhase;
			buildActionMask = 2147483647;
			files = (
				C4A1618E2087DE9800DB0615 /* sitesTableViewController.swift in Sources */,
				6C8086BD206C4998002E0125 /* SecondViewController.swift in Sources */,
				6C8086BB206C4998002E0125 /* AppDelegate.swift in Sources */,
				C4F70A342072EEFE00235262 /* ThirdViewController.swift in Sources */,
				3F13CA73204B585300A70DE8 /* Model.swift in Sources */,
				30488A8620879F4D00B1F8E6 /* DBObjects.swift in Sources */,
				C4A16194208813ED00DB0615 /* moviesTableViewController.swift in Sources */,
				C4A16192208802A900DB0615 /* TVShowTableViewController.swift in Sources */,
				C4A161902087EB5100DB0615 /* MoodTableViewController.swift in Sources */,
				6C8086BE206C4998002E0125 /* FirstViewController.swift in Sources */,
			);
			runOnlyForDeploymentPostprocessing = 0;
		};
		C47EF32B2034E19D00B17B34 /* Sources */ = {
			isa = PBXSourcesBuildPhase;
			buildActionMask = 2147483647;
			files = (
				C47EF3342034E19D00B17B34 /* SpecsTests.swift in Sources */,
			);
			runOnlyForDeploymentPostprocessing = 0;
		};
		C47EF3362034E19D00B17B34 /* Sources */ = {
			isa = PBXSourcesBuildPhase;
			buildActionMask = 2147483647;
			files = (
				C47EF33F2034E19D00B17B34 /* SpecsUITests.swift in Sources */,
			);
			runOnlyForDeploymentPostprocessing = 0;
		};
/* End PBXSourcesBuildPhase section */

/* Begin PBXTargetDependency section */
		C47EF3312034E19D00B17B34 /* PBXTargetDependency */ = {
			isa = PBXTargetDependency;
			target = C47EF31A2034E19C00B17B34 /* Specs */;
			targetProxy = C47EF3302034E19D00B17B34 /* PBXContainerItemProxy */;
		};
		C47EF33C2034E19D00B17B34 /* PBXTargetDependency */ = {
			isa = PBXTargetDependency;
			target = C47EF31A2034E19C00B17B34 /* Specs */;
			targetProxy = C47EF33B2034E19D00B17B34 /* PBXContainerItemProxy */;
		};
/* End PBXTargetDependency section */

/* Begin PBXVariantGroup section */
		C47EF3272034E19C00B17B34 /* LaunchScreen.storyboard */ = {
			isa = PBXVariantGroup;
			children = (
				C47EF3282034E19C00B17B34 /* Base */,
			);
			name = LaunchScreen.storyboard;
			sourceTree = "<group>";
		};
/* End PBXVariantGroup section */

/* Begin XCBuildConfiguration section */
		C47EF3412034E19D00B17B34 /* Debug */ = {
			isa = XCBuildConfiguration;
			buildSettings = {
				ALWAYS_SEARCH_USER_PATHS = NO;
				CLANG_ANALYZER_NONNULL = YES;
				CLANG_ANALYZER_NUMBER_OBJECT_CONVERSION = YES_AGGRESSIVE;
				CLANG_CXX_LANGUAGE_STANDARD = "gnu++14";
				CLANG_CXX_LIBRARY = "libc++";
				CLANG_ENABLE_MODULES = YES;
				CLANG_ENABLE_OBJC_ARC = YES;
				CLANG_WARN_BLOCK_CAPTURE_AUTORELEASING = YES;
				CLANG_WARN_BOOL_CONVERSION = YES;
				CLANG_WARN_COMMA = YES;
				CLANG_WARN_CONSTANT_CONVERSION = YES;
				CLANG_WARN_DIRECT_OBJC_ISA_USAGE = YES_ERROR;
				CLANG_WARN_DOCUMENTATION_COMMENTS = YES;
				CLANG_WARN_EMPTY_BODY = YES;
				CLANG_WARN_ENUM_CONVERSION = YES;
				CLANG_WARN_INFINITE_RECURSION = YES;
				CLANG_WARN_INT_CONVERSION = YES;
				CLANG_WARN_NON_LITERAL_NULL_CONVERSION = YES;
				CLANG_WARN_OBJC_LITERAL_CONVERSION = YES;
				CLANG_WARN_OBJC_ROOT_CLASS = YES_ERROR;
				CLANG_WARN_RANGE_LOOP_ANALYSIS = YES;
				CLANG_WARN_STRICT_PROTOTYPES = YES;
				CLANG_WARN_SUSPICIOUS_MOVE = YES;
				CLANG_WARN_UNGUARDED_AVAILABILITY = YES_AGGRESSIVE;
				CLANG_WARN_UNREACHABLE_CODE = YES;
				CLANG_WARN__DUPLICATE_METHOD_MATCH = YES;
				CODE_SIGN_IDENTITY = "iPhone Developer";
				COPY_PHASE_STRIP = NO;
				DEBUG_INFORMATION_FORMAT = dwarf;
				ENABLE_STRICT_OBJC_MSGSEND = YES;
				ENABLE_TESTABILITY = YES;
				GCC_C_LANGUAGE_STANDARD = gnu11;
				GCC_DYNAMIC_NO_PIC = NO;
				GCC_NO_COMMON_BLOCKS = YES;
				GCC_OPTIMIZATION_LEVEL = 0;
				GCC_PREPROCESSOR_DEFINITIONS = (
					"DEBUG=1",
					"$(inherited)",
				);
				GCC_WARN_64_TO_32_BIT_CONVERSION = YES;
				GCC_WARN_ABOUT_RETURN_TYPE = YES_ERROR;
				GCC_WARN_UNDECLARED_SELECTOR = YES;
				GCC_WARN_UNINITIALIZED_AUTOS = YES_AGGRESSIVE;
				GCC_WARN_UNUSED_FUNCTION = YES;
				GCC_WARN_UNUSED_VARIABLE = YES;
				IPHONEOS_DEPLOYMENT_TARGET = 11.2;
				MTL_ENABLE_DEBUG_INFO = YES;
				ONLY_ACTIVE_ARCH = YES;
				SDKROOT = iphoneos;
				SWIFT_ACTIVE_COMPILATION_CONDITIONS = DEBUG;
				SWIFT_OPTIMIZATION_LEVEL = "-Onone";
			};
			name = Debug;
		};
		C47EF3422034E19D00B17B34 /* Release */ = {
			isa = XCBuildConfiguration;
			buildSettings = {
				ALWAYS_SEARCH_USER_PATHS = NO;
				CLANG_ANALYZER_NONNULL = YES;
				CLANG_ANALYZER_NUMBER_OBJECT_CONVERSION = YES_AGGRESSIVE;
				CLANG_CXX_LANGUAGE_STANDARD = "gnu++14";
				CLANG_CXX_LIBRARY = "libc++";
				CLANG_ENABLE_MODULES = YES;
				CLANG_ENABLE_OBJC_ARC = YES;
				CLANG_WARN_BLOCK_CAPTURE_AUTORELEASING = YES;
				CLANG_WARN_BOOL_CONVERSION = YES;
				CLANG_WARN_COMMA = YES;
				CLANG_WARN_CONSTANT_CONVERSION = YES;
				CLANG_WARN_DIRECT_OBJC_ISA_USAGE = YES_ERROR;
				CLANG_WARN_DOCUMENTATION_COMMENTS = YES;
				CLANG_WARN_EMPTY_BODY = YES;
				CLANG_WARN_ENUM_CONVERSION = YES;
				CLANG_WARN_INFINITE_RECURSION = YES;
				CLANG_WARN_INT_CONVERSION = YES;
				CLANG_WARN_NON_LITERAL_NULL_CONVERSION = YES;
				CLANG_WARN_OBJC_LITERAL_CONVERSION = YES;
				CLANG_WARN_OBJC_ROOT_CLASS = YES_ERROR;
				CLANG_WARN_RANGE_LOOP_ANALYSIS = YES;
				CLANG_WARN_STRICT_PROTOTYPES = YES;
				CLANG_WARN_SUSPICIOUS_MOVE = YES;
				CLANG_WARN_UNGUARDED_AVAILABILITY = YES_AGGRESSIVE;
				CLANG_WARN_UNREACHABLE_CODE = YES;
				CLANG_WARN__DUPLICATE_METHOD_MATCH = YES;
				CODE_SIGN_IDENTITY = "iPhone Developer";
				COPY_PHASE_STRIP = NO;
				DEBUG_INFORMATION_FORMAT = "dwarf-with-dsym";
				ENABLE_NS_ASSERTIONS = NO;
				ENABLE_STRICT_OBJC_MSGSEND = YES;
				GCC_C_LANGUAGE_STANDARD = gnu11;
				GCC_NO_COMMON_BLOCKS = YES;
				GCC_WARN_64_TO_32_BIT_CONVERSION = YES;
				GCC_WARN_ABOUT_RETURN_TYPE = YES_ERROR;
				GCC_WARN_UNDECLARED_SELECTOR = YES;
				GCC_WARN_UNINITIALIZED_AUTOS = YES_AGGRESSIVE;
				GCC_WARN_UNUSED_FUNCTION = YES;
				GCC_WARN_UNUSED_VARIABLE = YES;
				IPHONEOS_DEPLOYMENT_TARGET = 11.2;
				MTL_ENABLE_DEBUG_INFO = NO;
				SDKROOT = iphoneos;
				SWIFT_OPTIMIZATION_LEVEL = "-Owholemodule";
				VALIDATE_PRODUCT = YES;
			};
			name = Release;
		};
		C47EF3442034E19D00B17B34 /* Debug */ = {
			isa = XCBuildConfiguration;
			buildSettings = {
				ASSETCATALOG_COMPILER_APPICON_NAME = AppIcon;
				CLANG_ENABLE_MODULES = YES;
				CODE_SIGN_STYLE = Automatic;
				FRAMEWORK_SEARCH_PATHS = (
					"$(inherited)",
					"$(PROJECT_DIR)/Specs",
				);
				INFOPLIST_FILE = Specs/Info.plist;
				LD_RUNPATH_SEARCH_PATHS = "$(inherited) @executable_path/Frameworks";
				PRODUCT_BUNDLE_IDENTIFIER = NWMSU.Specs;
				PRODUCT_NAME = "$(TARGET_NAME)";
				SWIFT_OBJC_BRIDGING_HEADER = "Specs-Bridging-Header.h";
				SWIFT_OPTIMIZATION_LEVEL = "-Onone";
				SWIFT_VERSION = 4.0;
				TARGETED_DEVICE_FAMILY = "1,2";
			};
			name = Debug;
		};
		C47EF3452034E19D00B17B34 /* Release */ = {
			isa = XCBuildConfiguration;
			buildSettings = {
				ASSETCATALOG_COMPILER_APPICON_NAME = AppIcon;
				CLANG_ENABLE_MODULES = YES;
				CODE_SIGN_STYLE = Automatic;
				FRAMEWORK_SEARCH_PATHS = (
					"$(inherited)",
					"$(PROJECT_DIR)/Specs",
				);
				INFOPLIST_FILE = Specs/Info.plist;
				LD_RUNPATH_SEARCH_PATHS = "$(inherited) @executable_path/Frameworks";
				PRODUCT_BUNDLE_IDENTIFIER = NWMSU.Specs;
				PRODUCT_NAME = "$(TARGET_NAME)";
				SWIFT_OBJC_BRIDGING_HEADER = "Specs-Bridging-Header.h";
				SWIFT_VERSION = 4.0;
				TARGETED_DEVICE_FAMILY = "1,2";
			};
			name = Release;
		};
		C47EF3472034E19D00B17B34 /* Debug */ = {
			isa = XCBuildConfiguration;
			buildSettings = {
				ALWAYS_EMBED_SWIFT_STANDARD_LIBRARIES = YES;
				BUNDLE_LOADER = "$(TEST_HOST)";
				CODE_SIGN_STYLE = Automatic;
				INFOPLIST_FILE = SpecsTests/Info.plist;
				LD_RUNPATH_SEARCH_PATHS = "$(inherited) @executable_path/Frameworks @loader_path/Frameworks";
				PRODUCT_BUNDLE_IDENTIFIER = NWMSU.SpecsTests;
				PRODUCT_NAME = "$(TARGET_NAME)";
				SWIFT_VERSION = 4.0;
				TARGETED_DEVICE_FAMILY = "1,2";
				TEST_HOST = "$(BUILT_PRODUCTS_DIR)/Specs.app/Specs";
			};
			name = Debug;
		};
		C47EF3482034E19D00B17B34 /* Release */ = {
			isa = XCBuildConfiguration;
			buildSettings = {
				ALWAYS_EMBED_SWIFT_STANDARD_LIBRARIES = YES;
				BUNDLE_LOADER = "$(TEST_HOST)";
				CODE_SIGN_STYLE = Automatic;
				INFOPLIST_FILE = SpecsTests/Info.plist;
				LD_RUNPATH_SEARCH_PATHS = "$(inherited) @executable_path/Frameworks @loader_path/Frameworks";
				PRODUCT_BUNDLE_IDENTIFIER = NWMSU.SpecsTests;
				PRODUCT_NAME = "$(TARGET_NAME)";
				SWIFT_VERSION = 4.0;
				TARGETED_DEVICE_FAMILY = "1,2";
				TEST_HOST = "$(BUILT_PRODUCTS_DIR)/Specs.app/Specs";
			};
			name = Release;
		};
		C47EF34A2034E19D00B17B34 /* Debug */ = {
			isa = XCBuildConfiguration;
			buildSettings = {
				ALWAYS_EMBED_SWIFT_STANDARD_LIBRARIES = YES;
				CODE_SIGN_STYLE = Automatic;
				INFOPLIST_FILE = SpecsUITests/Info.plist;
				LD_RUNPATH_SEARCH_PATHS = "$(inherited) @executable_path/Frameworks @loader_path/Frameworks";
				PRODUCT_BUNDLE_IDENTIFIER = NWMSU.SpecsUITests;
				PRODUCT_NAME = "$(TARGET_NAME)";
				SWIFT_VERSION = 4.0;
				TARGETED_DEVICE_FAMILY = "1,2";
				TEST_TARGET_NAME = Specs;
			};
			name = Debug;
		};
		C47EF34B2034E19D00B17B34 /* Release */ = {
			isa = XCBuildConfiguration;
			buildSettings = {
				ALWAYS_EMBED_SWIFT_STANDARD_LIBRARIES = YES;
				CODE_SIGN_STYLE = Automatic;
				INFOPLIST_FILE = SpecsUITests/Info.plist;
				LD_RUNPATH_SEARCH_PATHS = "$(inherited) @executable_path/Frameworks @loader_path/Frameworks";
				PRODUCT_BUNDLE_IDENTIFIER = NWMSU.SpecsUITests;
				PRODUCT_NAME = "$(TARGET_NAME)";
				SWIFT_VERSION = 4.0;
				TARGETED_DEVICE_FAMILY = "1,2";
				TEST_TARGET_NAME = Specs;
			};
			name = Release;
		};
/* End XCBuildConfiguration section */

/* Begin XCConfigurationList section */
		C47EF3162034E19C00B17B34 /* Build configuration list for PBXProject "Specs" */ = {
			isa = XCConfigurationList;
			buildConfigurations = (
				C47EF3412034E19D00B17B34 /* Debug */,
				C47EF3422034E19D00B17B34 /* Release */,
			);
			defaultConfigurationIsVisible = 0;
			defaultConfigurationName = Release;
		};
		C47EF3432034E19D00B17B34 /* Build configuration list for PBXNativeTarget "Specs" */ = {
			isa = XCConfigurationList;
			buildConfigurations = (
				C47EF3442034E19D00B17B34 /* Debug */,
				C47EF3452034E19D00B17B34 /* Release */,
			);
			defaultConfigurationIsVisible = 0;
			defaultConfigurationName = Release;
		};
		C47EF3462034E19D00B17B34 /* Build configuration list for PBXNativeTarget "SpecsTests" */ = {
			isa = XCConfigurationList;
			buildConfigurations = (
				C47EF3472034E19D00B17B34 /* Debug */,
				C47EF3482034E19D00B17B34 /* Release */,
			);
			defaultConfigurationIsVisible = 0;
			defaultConfigurationName = Release;
		};
		C47EF3492034E19D00B17B34 /* Build configuration list for PBXNativeTarget "SpecsUITests" */ = {
			isa = XCConfigurationList;
			buildConfigurations = (
				C47EF34A2034E19D00B17B34 /* Debug */,
				C47EF34B2034E19D00B17B34 /* Release */,
			);
			defaultConfigurationIsVisible = 0;
			defaultConfigurationName = Release;
		};
/* End XCConfigurationList section */
	};
	rootObject = C47EF3132034E19C00B17B34 /* Project object */;
}
